
Microsoft Visual Studio Solution File, Format Version 12.00
# Visual Studio 14
VisualStudioVersion = 14.0.24720.0
MinimumVisualStudioVersion = 10.0.40219.1
Project("{FAE04EC0-301F-11D3-BF4B-00C04F79EFBC}") = "letters", "WindowsFormsApplication3\letters.csproj", "{FAC9FB6A-59DE-4ADD-9444-DE8644F9DDE5}"
EndProject
Project("{54435603-DBB4-11D2-8724-00A0C9A8B90C}") = "letters Setup", "Setup1\Setup1.vdproj", "{CE5F5027-86C5-4E5C-B0C7-B2EC2B2AB60D}"
EndProject
Global
	GlobalSection(SolutionConfigurationPlatforms) = preSolution
		Debug|Any CPU = Debug|Any CPU
		Debug|Default = Debug|Default
		Release|Any CPU = Release|Any CPU
		Release|Default = Release|Default
	EndGlobalSection
	GlobalSection(ProjectConfigurationPlatforms) = postSolution
		{FAC9FB6A-59DE-4ADD-9444-DE8644F9DDE5}.Debug|Any CPU.ActiveCfg = Debug|Any CPU
		{FAC9FB6A-59DE-4ADD-9444-DE8644F9DDE5}.Debug|Any CPU.Build.0 = Debug|Any CPU
		{FAC9FB6A-59DE-4ADD-9444-DE8644F9DDE5}.Debug|Default.ActiveCfg = Debug|Any CPU
		{FAC9FB6A-59DE-4ADD-9444-DE8644F9DDE5}.Release|Any CPU.ActiveCfg = Release|Any CPU
		{FAC9FB6A-59DE-4ADD-9444-DE8644F9DDE5}.Release|Any CPU.Build.0 = Release|Any CPU
		{FAC9FB6A-59DE-4ADD-9444-DE8644F9DDE5}.Release|Default.ActiveCfg = Release|Any CPU
		{FAC9FB6A-59DE-4ADD-9444-DE8644F9DDE5}.Release|Default.Build.0 = Release|Any CPU
		{CE5F5027-86C5-4E5C-B0C7-B2EC2B2AB60D}.Debug|Any CPU.ActiveCfg = Debug
		{CE5F5027-86C5-4E5C-B0C7-B2EC2B2AB60D}.Debug|Default.ActiveCfg = Debug
		{CE5F5027-86C5-4E5C-B0C7-B2EC2B2AB60D}.Debug|Default.Build.0 = Debug
		{CE5F5027-86C5-4E5C-B0C7-B2EC2B2AB60D}.Release|Any CPU.ActiveCfg = Release
		{CE5F5027-86C5-4E5C-B0C7-B2EC2B2AB60D}.Release|Any CPU.Build.0 = Release
		{CE5F5027-86C5-4E5C-B0C7-B2EC2B2AB60D}.Release|Default.ActiveCfg = Release
		{CE5F5027-86C5-4E5C-B0C7-B2EC2B2AB60D}.Release|Default.Build.0 = Release
	EndGlobalSection
	GlobalSection(SolutionProperties) = preSolution
		HideSolutionNode = FALSE
	EndGlobalSection
	GlobalSection(SolutionConfigurationPlatforms) = preSolution
		Debug|Any CPU = Debug|Any CPU
		Debug|Default = Debug|Default
		Release|Any CPU = Release|Any CPU
		Release|Default = Release|Default
	EndGlobalSection
	GlobalSection(SolutionConfigurationPlatforms) = preSolution
		Debug|Any CPU = Debug|Any CPU
		Debug|Default = Debug|Default
		Release|Any CPU = Release|Any CPU
		Release|Default = Release|Default
	EndGlobalSection
EndGlobal
